
Microsoft Visual Studio Solution File, Format Version 12.00
# Visual Studio Version 17
VisualStudioVersion = 17.1.32210.238
MinimumVisualStudioVersion = 10.0.40219.1
Project("{FAE04EC0-301F-11D3-BF4B-00C04F79EFBC}") = "IterState1", "IterState1\IterState1.csproj", "{50A551EF-1F61-426A-88DC-D3288D98C384}"
EndProject
Global
	GlobalSection(SolutionConfigurationPlatforms) = preSolution
		Debug|Any CPU = Debug|Any CPU
		Release|Any CPU = Release|Any CPU
	EndGlobalSection
	GlobalSection(ProjectConfigurationPlatforms) = postSolution
		{50A551EF-1F61-426A-88DC-D3288D98C384}.Debug|Any CPU.ActiveCfg = Debug|Any CPU
		{50A551EF-1F61-426A-88DC-D3288D98C384}.Debug|Any CPU.Build.0 = Debug|Any CPU
		{50A551EF-1F61-426A-88DC-D3288D98C384}.Release|Any CPU.ActiveCfg = Release|Any CPU
		{50A551EF-1F61-426A-88DC-D3288D98C384}.Release|Any CPU.Build.0 = Release|Any CPU
	EndGlobalSection
	GlobalSection(SolutionProperties) = preSolution
		HideSolutionNode = FALSE
	EndGlobalSection
	GlobalSection(ExtensibilityGlobals) = postSolution
		SolutionGuid = {DBCB13CA-FAFF-4FD0-BC56-719D5AF96000}
	EndGlobalSection
EndGlobal
